
Microsoft Visual Studio Solution File, Format Version 12.00
# Visual Studio Version 17
VisualStudioVersion = 17.2.32616.157
MinimumVisualStudioVersion = 10.0.40219.1
Project("{8BC9CEB8-8B4A-11D0-8D11-00A0C91BC942}") = "insertionSort", "Project1\Project1.vcxproj", "{E8EA29EC-FA01-4FE1-A70C-F3CA2780B041}"
EndProject
Project("{8BC9CEB8-8B4A-11D0-8D11-00A0C91BC942}") = "selectionSort", "Project2\Project2.vcxproj", "{07E5DDE5-A939-46FE-B32E-51CF8BB048AE}"
EndProject
Project("{8BC9CEB8-8B4A-11D0-8D11-00A0C91BC942}") = "1", "1\1.vcxproj", "{35C467A3-D83B-49F2-AF01-35B1610F7F2D}"
EndProject
Project("{8BC9CEB8-8B4A-11D0-8D11-00A0C91BC942}") = "2", "2\2.vcxproj", "{18FC9486-D9E2-4780-806D-4E915F75B271}"
EndProject
Project("{8BC9CEB8-8B4A-11D0-8D11-00A0C91BC942}") = "strstr", "strstr\strstr.vcxproj", "{921D7F0D-43AB-4805-9998-3809B49385F2}"
EndProject
Project("{8BC9CEB8-8B4A-11D0-8D11-00A0C91BC942}") = "kmpPatternMatching", "kmpPatternMatching\kmpPatternMatching.vcxproj", "{84924FFA-92C6-4C55-B73B-FC57D35045EA}"
EndProject
Project("{8BC9CEB8-8B4A-11D0-8D11-00A0C91BC942}") = "stack1", "stack1\stack1.vcxproj", "{58A50E86-D2A3-4B13-A8C3-B3AD1EE5CA4F}"
EndProject
Project("{8BC9CEB8-8B4A-11D0-8D11-00A0C91BC942}") = "queue1", "queue1\queue1.vcxproj", "{C783A3C1-2B6D-4D54-86A5-B6AB9D35A329}"
EndProject
Project("{8BC9CEB8-8B4A-11D0-8D11-00A0C91BC942}") = "circularQueue1", "circularQueue\circularQueue.vcxproj", "{7DB582EB-BCB7-4FEC-8D72-C2456BFDB22A}"
EndProject
Project("{8BC9CEB8-8B4A-11D0-8D11-00A0C91BC942}") = "circularQueue2", "circularQueue2\circularQueue2.vcxproj", "{C210150B-802C-4DDB-B1A5-5B28259E62E3}"
EndProject
Project("{8BC9CEB8-8B4A-11D0-8D11-00A0C91BC942}") = "postfix1", "postfix1\postfix1.vcxproj", "{29162461-4E0C-47B2-BB71-8DCF73585929}"
EndProject
Project("{8BC9CEB8-8B4A-11D0-8D11-00A0C91BC942}") = "postfix2", "postfix2\postfix2.vcxproj", "{B6377B36-9F43-4AF0-BE7D-2FB168611A01}"
EndProject
Project("{8BC9CEB8-8B4A-11D0-8D11-00A0C91BC942}") = "linkedList1", "linkedList1\linkedList1.vcxproj", "{61E36E85-FEF2-437B-9A34-E2747492C9D9}"
EndProject
Project("{8BC9CEB8-8B4A-11D0-8D11-00A0C91BC942}") = "linkedList2", "linkedList2\linkedList2.vcxproj", "{252D75EC-156E-478A-9D91-2C05D8CAB06B}"
EndProject
Project("{8BC9CEB8-8B4A-11D0-8D11-00A0C91BC942}") = "stackLinkedList", "stackLinkedList\stackLinkedList.vcxproj", "{C541F242-D32D-4283-902A-3E2C1CFC6AC2}"
EndProject
Project("{8BC9CEB8-8B4A-11D0-8D11-00A0C91BC942}") = "queueLinkedList", "queueLinkedList\queueLinkedList.vcxproj", "{DCB01F53-BCD4-4BF1-882D-5C830702ED7E}"
EndProject
Project("{8BC9CEB8-8B4A-11D0-8D11-00A0C91BC942}") = "CircularlyLinkedList", "CircularlyLinkedList\CircularlyLinkedList.vcxproj", "{649987A7-B9E4-4BBE-87F0-32386716D06C}"
EndProject
Project("{8BC9CEB8-8B4A-11D0-8D11-00A0C91BC942}") = "PolyLinkedList", "PolyLinkedList\PolyLinkedList.vcxproj", "{94DFA96A-AE51-499B-AC94-B2368A957000}"
EndProject
Global
	GlobalSection(SolutionConfigurationPlatforms) = preSolution
		Debug|x64 = Debug|x64
		Debug|x86 = Debug|x86
		Release|x64 = Release|x64
		Release|x86 = Release|x86
	EndGlobalSection
	GlobalSection(ProjectConfigurationPlatforms) = postSolution
		{E8EA29EC-FA01-4FE1-A70C-F3CA2780B041}.Debug|x64.ActiveCfg = Debug|x64
		{E8EA29EC-FA01-4FE1-A70C-F3CA2780B041}.Debug|x64.Build.0 = Debug|x64
		{E8EA29EC-FA01-4FE1-A70C-F3CA2780B041}.Debug|x86.ActiveCfg = Debug|Win32
		{E8EA29EC-FA01-4FE1-A70C-F3CA2780B041}.Debug|x86.Build.0 = Debug|Win32
		{E8EA29EC-FA01-4FE1-A70C-F3CA2780B041}.Release|x64.ActiveCfg = Release|x64
		{E8EA29EC-FA01-4FE1-A70C-F3CA2780B041}.Release|x64.Build.0 = Release|x64
		{E8EA29EC-FA01-4FE1-A70C-F3CA2780B041}.Release|x86.ActiveCfg = Release|Win32
		{E8EA29EC-FA01-4FE1-A70C-F3CA2780B041}.Release|x86.Build.0 = Release|Win32
		{07E5DDE5-A939-46FE-B32E-51CF8BB048AE}.Debug|x64.ActiveCfg = Debug|x64
		{07E5DDE5-A939-46FE-B32E-51CF8BB048AE}.Debug|x64.Build.0 = Debug|x64
		{07E5DDE5-A939-46FE-B32E-51CF8BB048AE}.Debug|x86.ActiveCfg = Debug|Win32
		{07E5DDE5-A939-46FE-B32E-51CF8BB048AE}.Debug|x86.Build.0 = Debug|Win32
		{07E5DDE5-A939-46FE-B32E-51CF8BB048AE}.Release|x64.ActiveCfg = Release|x64
		{07E5DDE5-A939-46FE-B32E-51CF8BB048AE}.Release|x64.Build.0 = Release|x64
		{07E5DDE5-A939-46FE-B32E-51CF8BB048AE}.Release|x86.ActiveCfg = Release|Win32
		{07E5DDE5-A939-46FE-B32E-51CF8BB048AE}.Release|x86.Build.0 = Release|Win32
		{35C467A3-D83B-49F2-AF01-35B1610F7F2D}.Debug|x64.ActiveCfg = Debug|x64
		{35C467A3-D83B-49F2-AF01-35B1610F7F2D}.Debug|x64.Build.0 = Debug|x64
		{35C467A3-D83B-49F2-AF01-35B1610F7F2D}.Debug|x86.ActiveCfg = Debug|Win32
		{35C467A3-D83B-49F2-AF01-35B1610F7F2D}.Debug|x86.Build.0 = Debug|Win32
		{35C467A3-D83B-49F2-AF01-35B1610F7F2D}.Release|x64.ActiveCfg = Release|x64
		{35C467A3-D83B-49F2-AF01-35B1610F7F2D}.Release|x64.Build.0 = Release|x64
		{35C467A3-D83B-49F2-AF01-35B1610F7F2D}.Release|x86.ActiveCfg = Release|Win32
		{35C467A3-D83B-49F2-AF01-35B1610F7F2D}.Release|x86.Build.0 = Release|Win32
		{18FC9486-D9E2-4780-806D-4E915F75B271}.Debug|x64.ActiveCfg = Debug|x64
		{18FC9486-D9E2-4780-806D-4E915F75B271}.Debug|x64.Build.0 = Debug|x64
		{18FC9486-D9E2-4780-806D-4E915F75B271}.Debug|x86.ActiveCfg = Debug|Win32
		{18FC9486-D9E2-4780-806D-4E915F75B271}.Debug|x86.Build.0 = Debug|Win32
		{18FC9486-D9E2-4780-806D-4E915F75B271}.Release|x64.ActiveCfg = Release|x64
		{18FC9486-D9E2-4780-806D-4E915F75B271}.Release|x64.Build.0 = Release|x64
		{18FC9486-D9E2-4780-806D-4E915F75B271}.Release|x86.ActiveCfg = Release|Win32
		{18FC9486-D9E2-4780-806D-4E915F75B271}.Release|x86.Build.0 = Release|Win32
		{921D7F0D-43AB-4805-9998-3809B49385F2}.Debug|x64.ActiveCfg = Debug|x64
		{921D7F0D-43AB-4805-9998-3809B49385F2}.Debug|x64.Build.0 = Debug|x64
		{921D7F0D-43AB-4805-9998-3809B49385F2}.Debug|x86.ActiveCfg = Debug|Win32
		{921D7F0D-43AB-4805-9998-3809B49385F2}.Debug|x86.Build.0 = Debug|Win32
		{921D7F0D-43AB-4805-9998-3809B49385F2}.Release|x64.ActiveCfg = Release|x64
		{921D7F0D-43AB-4805-9998-3809B49385F2}.Release|x64.Build.0 = Release|x64
		{921D7F0D-43AB-4805-9998-3809B49385F2}.Release|x86.ActiveCfg = Release|Win32
		{921D7F0D-43AB-4805-9998-3809B49385F2}.Release|x86.Build.0 = Release|Win32
		{84924FFA-92C6-4C55-B73B-FC57D35045EA}.Debug|x64.ActiveCfg = Debug|x64
		{84924FFA-92C6-4C55-B73B-FC57D35045EA}.Debug|x64.Build.0 = Debug|x64
		{84924FFA-92C6-4C55-B73B-FC57D35045EA}.Debug|x86.ActiveCfg = Debug|Win32
		{84924FFA-92C6-4C55-B73B-FC57D35045EA}.Debug|x86.Build.0 = Debug|Win32
		{84924FFA-92C6-4C55-B73B-FC57D35045EA}.Release|x64.ActiveCfg = Release|x64
		{84924FFA-92C6-4C55-B73B-FC57D35045EA}.Release|x64.Build.0 = Release|x64
		{84924FFA-92C6-4C55-B73B-FC57D35045EA}.Release|x86.ActiveCfg = Release|Win32
		{84924FFA-92C6-4C55-B73B-FC57D35045EA}.Release|x86.Build.0 = Release|Win32
		{58A50E86-D2A3-4B13-A8C3-B3AD1EE5CA4F}.Debug|x64.ActiveCfg = Debug|x64
		{58A50E86-D2A3-4B13-A8C3-B3AD1EE5CA4F}.Debug|x64.Build.0 = Debug|x64
		{58A50E86-D2A3-4B13-A8C3-B3AD1EE5CA4F}.Debug|x86.ActiveCfg = Debug|Win32
		{58A50E86-D2A3-4B13-A8C3-B3AD1EE5CA4F}.Debug|x86.Build.0 = Debug|Win32
		{58A50E86-D2A3-4B13-A8C3-B3AD1EE5CA4F}.Release|x64.ActiveCfg = Release|x64
		{58A50E86-D2A3-4B13-A8C3-B3AD1EE5CA4F}.Release|x64.Build.0 = Release|x64
		{58A50E86-D2A3-4B13-A8C3-B3AD1EE5CA4F}.Release|x86.ActiveCfg = Release|Win32
		{58A50E86-D2A3-4B13-A8C3-B3AD1EE5CA4F}.Release|x86.Build.0 = Release|Win32
		{C783A3C1-2B6D-4D54-86A5-B6AB9D35A329}.Debug|x64.ActiveCfg = Debug|x64
		{C783A3C1-2B6D-4D54-86A5-B6AB9D35A329}.Debug|x64.Build.0 = Debug|x64
		{C783A3C1-2B6D-4D54-86A5-B6AB9D35A329}.Debug|x86.ActiveCfg = Debug|Win32
		{C783A3C1-2B6D-4D54-86A5-B6AB9D35A329}.Debug|x86.Build.0 = Debug|Win32
		{C783A3C1-2B6D-4D54-86A5-B6AB9D35A329}.Release|x64.ActiveCfg = Release|x64
		{C783A3C1-2B6D-4D54-86A5-B6AB9D35A329}.Release|x64.Build.0 = Release|x64
		{C783A3C1-2B6D-4D54-86A5-B6AB9D35A329}.Release|x86.ActiveCfg = Release|Win32
		{C783A3C1-2B6D-4D54-86A5-B6AB9D35A329}.Release|x86.Build.0 = Release|Win32
		{7DB582EB-BCB7-4FEC-8D72-C2456BFDB22A}.Debug|x64.ActiveCfg = Debug|x64
		{7DB582EB-BCB7-4FEC-8D72-C2456BFDB22A}.Debug|x64.Build.0 = Debug|x64
		{7DB582EB-BCB7-4FEC-8D72-C2456BFDB22A}.Debug|x86.ActiveCfg = Debug|Win32
		{7DB582EB-BCB7-4FEC-8D72-C2456BFDB22A}.Debug|x86.Build.0 = Debug|Win32
		{7DB582EB-BCB7-4FEC-8D72-C2456BFDB22A}.Release|x64.ActiveCfg = Release|x64
		{7DB582EB-BCB7-4FEC-8D72-C2456BFDB22A}.Release|x64.Build.0 = Release|x64
		{7DB582EB-BCB7-4FEC-8D72-C2456BFDB22A}.Release|x86.ActiveCfg = Release|Win32
		{7DB582EB-BCB7-4FEC-8D72-C2456BFDB22A}.Release|x86.Build.0 = Release|Win32
		{C210150B-802C-4DDB-B1A5-5B28259E62E3}.Debug|x64.ActiveCfg = Debug|x64
		{C210150B-802C-4DDB-B1A5-5B28259E62E3}.Debug|x64.Build.0 = Debug|x64
		{C210150B-802C-4DDB-B1A5-5B28259E62E3}.Debug|x86.ActiveCfg = Debug|Win32
		{C210150B-802C-4DDB-B1A5-5B28259E62E3}.Debug|x86.Build.0 = Debug|Win32
		{C210150B-802C-4DDB-B1A5-5B28259E62E3}.Release|x64.ActiveCfg = Release|x64
		{C210150B-802C-4DDB-B1A5-5B28259E62E3}.Release|x64.Build.0 = Release|x64
		{C210150B-802C-4DDB-B1A5-5B28259E62E3}.Release|x86.ActiveCfg = Release|Win32
		{C210150B-802C-4DDB-B1A5-5B28259E62E3}.Release|x86.Build.0 = Release|Win32
		{29162461-4E0C-47B2-BB71-8DCF73585929}.Debug|x64.ActiveCfg = Debug|x64
		{29162461-4E0C-47B2-BB71-8DCF73585929}.Debug|x64.Build.0 = Debug|x64
		{29162461-4E0C-47B2-BB71-8DCF73585929}.Debug|x86.ActiveCfg = Debug|Win32
		{29162461-4E0C-47B2-BB71-8DCF73585929}.Debug|x86.Build.0 = Debug|Win32
		{29162461-4E0C-47B2-BB71-8DCF73585929}.Release|x64.ActiveCfg = Release|x64
		{29162461-4E0C-47B2-BB71-8DCF73585929}.Release|x64.Build.0 = Release|x64
		{29162461-4E0C-47B2-BB71-8DCF73585929}.Release|x86.ActiveCfg = Release|Win32
		{29162461-4E0C-47B2-BB71-8DCF73585929}.Release|x86.Build.0 = Release|Win32
		{B6377B36-9F43-4AF0-BE7D-2FB168611A01}.Debug|x64.ActiveCfg = Debug|x64
		{B6377B36-9F43-4AF0-BE7D-2FB168611A01}.Debug|x64.Build.0 = Debug|x64
		{B6377B36-9F43-4AF0-BE7D-2FB168611A01}.Debug|x86.ActiveCfg = Debug|Win32
		{B6377B36-9F43-4AF0-BE7D-2FB168611A01}.Debug|x86.Build.0 = Debug|Win32
		{B6377B36-9F43-4AF0-BE7D-2FB168611A01}.Release|x64.ActiveCfg = Release|x64
		{B6377B36-9F43-4AF0-BE7D-2FB168611A01}.Release|x64.Build.0 = Release|x64
		{B6377B36-9F43-4AF0-BE7D-2FB168611A01}.Release|x86.ActiveCfg = Release|Win32
		{B6377B36-9F43-4AF0-BE7D-2FB168611A01}.Release|x86.Build.0 = Release|Win32
		{61E36E85-FEF2-437B-9A34-E2747492C9D9}.Debug|x64.ActiveCfg = Debug|x64
		{61E36E85-FEF2-437B-9A34-E2747492C9D9}.Debug|x64.Build.0 = Debug|x64
		{61E36E85-FEF2-437B-9A34-E2747492C9D9}.Debug|x86.ActiveCfg = Debug|Win32
		{61E36E85-FEF2-437B-9A34-E2747492C9D9}.Debug|x86.Build.0 = Debug|Win32
		{61E36E85-FEF2-437B-9A34-E2747492C9D9}.Release|x64.ActiveCfg = Release|x64
		{61E36E85-FEF2-437B-9A34-E2747492C9D9}.Release|x64.Build.0 = Release|x64
		{61E36E85-FEF2-437B-9A34-E2747492C9D9}.Release|x86.ActiveCfg = Release|Win32
		{61E36E85-FEF2-437B-9A34-E2747492C9D9}.Release|x86.Build.0 = Release|Win32
		{252D75EC-156E-478A-9D91-2C05D8CAB06B}.Debug|x64.ActiveCfg = Debug|x64
		{252D75EC-156E-478A-9D91-2C05D8CAB06B}.Debug|x64.Build.0 = Debug|x64
		{252D75EC-156E-478A-9D91-2C05D8CAB06B}.Debug|x86.ActiveCfg = Debug|Win32
		{252D75EC-156E-478A-9D91-2C05D8CAB06B}.Debug|x86.Build.0 = Debug|Win32
		{252D75EC-156E-478A-9D91-2C05D8CAB06B}.Release|x64.ActiveCfg = Release|x64
		{252D75EC-156E-478A-9D91-2C05D8CAB06B}.Release|x64.Build.0 = Release|x64
		{252D75EC-156E-478A-9D91-2C05D8CAB06B}.Release|x86.ActiveCfg = Release|Win32
		{252D75EC-156E-478A-9D91-2C05D8CAB06B}.Release|x86.Build.0 = Release|Win32
		{C541F242-D32D-4283-902A-3E2C1CFC6AC2}.Debug|x64.ActiveCfg = Debug|x64
		{C541F242-D32D-4283-902A-3E2C1CFC6AC2}.Debug|x64.Build.0 = Debug|x64
		{C541F242-D32D-4283-902A-3E2C1CFC6AC2}.Debug|x86.ActiveCfg = Debug|Win32
		{C541F242-D32D-4283-902A-3E2C1CFC6AC2}.Debug|x86.Build.0 = Debug|Win32
		{C541F242-D32D-4283-902A-3E2C1CFC6AC2}.Release|x64.ActiveCfg = Release|x64
		{C541F242-D32D-4283-902A-3E2C1CFC6AC2}.Release|x64.Build.0 = Release|x64
		{C541F242-D32D-4283-902A-3E2C1CFC6AC2}.Release|x86.ActiveCfg = Release|Win32
		{C541F242-D32D-4283-902A-3E2C1CFC6AC2}.Release|x86.Build.0 = Release|Win32
		{DCB01F53-BCD4-4BF1-882D-5C830702ED7E}.Debug|x64.ActiveCfg = Debug|x64
		{DCB01F53-BCD4-4BF1-882D-5C830702ED7E}.Debug|x64.Build.0 = Debug|x64
		{DCB01F53-BCD4-4BF1-882D-5C830702ED7E}.Debug|x86.ActiveCfg = Debug|Win32
		{DCB01F53-BCD4-4BF1-882D-5C830702ED7E}.Debug|x86.Build.0 = Debug|Win32
		{DCB01F53-BCD4-4BF1-882D-5C830702ED7E}.Release|x64.ActiveCfg = Release|x64
		{DCB01F53-BCD4-4BF1-882D-5C830702ED7E}.Release|x64.Build.0 = Release|x64
		{DCB01F53-BCD4-4BF1-882D-5C830702ED7E}.Release|x86.ActiveCfg = Release|Win32
		{DCB01F53-BCD4-4BF1-882D-5C830702ED7E}.Release|x86.Build.0 = Release|Win32
		{649987A7-B9E4-4BBE-87F0-32386716D06C}.Debug|x64.ActiveCfg = Debug|x64
		{649987A7-B9E4-4BBE-87F0-32386716D06C}.Debug|x64.Build.0 = Debug|x64
		{649987A7-B9E4-4BBE-87F0-32386716D06C}.Debug|x86.ActiveCfg = Debug|Win32
		{649987A7-B9E4-4BBE-87F0-32386716D06C}.Debug|x86.Build.0 = Debug|Win32
		{649987A7-B9E4-4BBE-87F0-32386716D06C}.Release|x64.ActiveCfg = Release|x64
		{649987A7-B9E4-4BBE-87F0-32386716D06C}.Release|x64.Build.0 = Release|x64
		{649987A7-B9E4-4BBE-87F0-32386716D06C}.Release|x86.ActiveCfg = Release|Win32
		{649987A7-B9E4-4BBE-87F0-32386716D06C}.Release|x86.Build.0 = Release|Win32
		{94DFA96A-AE51-499B-AC94-B2368A957000}.Debug|x64.ActiveCfg = Debug|x64
		{94DFA96A-AE51-499B-AC94-B2368A957000}.Debug|x64.Build.0 = Debug|x64
		{94DFA96A-AE51-499B-AC94-B2368A957000}.Debug|x86.ActiveCfg = Debug|Win32
		{94DFA96A-AE51-499B-AC94-B2368A957000}.Debug|x86.Build.0 = Debug|Win32
		{94DFA96A-AE51-499B-AC94-B2368A957000}.Release|x64.ActiveCfg = Release|x64
		{94DFA96A-AE51-499B-AC94-B2368A957000}.Release|x64.Build.0 = Release|x64
		{94DFA96A-AE51-499B-AC94-B2368A957000}.Release|x86.ActiveCfg = Release|Win32
		{94DFA96A-AE51-499B-AC94-B2368A957000}.Release|x86.Build.0 = Release|Win32
	EndGlobalSection
	GlobalSection(SolutionProperties) = preSolution
		HideSolutionNode = FALSE
	EndGlobalSection
	GlobalSection(ExtensibilityGlobals) = postSolution
		SolutionGuid = {057555B2-F8F2-48FD-A365-D1BDA01690DB}
	EndGlobalSection
EndGlobal
